
Microsoft Visual Studio Solution File, Format Version 12.00
# Visual Studio Version 17
VisualStudioVersion = 17.8.34511.84
MinimumVisualStudioVersion = 10.0.40219.1
Project("{6EC3EE1D-3C4E-46DD-8F32-0CC8E7565705}") = "ImageService.Specification", "ImageService\ImageService.Specification.fsproj", "{7FA6C9AB-D6AC-4C14-83F0-95EAD4AB457F}"
EndProject
Project("{6EC3EE1D-3C4E-46DD-8F32-0CC8E7565705}") = "ImageService.DataGateway", "ImageService.DataGateway\ImageService.DataGateway.fsproj", "{04052ABD-A069-43F1-9137-87471C898129}"
EndProject
Project("{F2A71F9B-5D33-465A-A702-920D77279786}") = "ImageService.Tests", "ImageService.Tests\ImageService.Tests.fsproj", "{D3273BC7-9CB1-4BBF-AB6A-F6FF03AEB510}"
EndProject
Project("{2150E333-8FDC-42A3-9474-1A3956D46DE8}") = "Tests", "Tests", "{20133B1D-D5D8-4950-8B2F-618E481BFF34}"
EndProject
Project("{F2A71F9B-5D33-465A-A702-920D77279786}") = "ImageService.TestAPI", "ImageService.TestAPI\ImageService.TestAPI.fsproj", "{BCB096D9-6DE2-4BEF-BCEC-8EECA65A1FA2}"
EndProject
Global
	GlobalSection(SolutionConfigurationPlatforms) = preSolution
		Debug|Any CPU = Debug|Any CPU
		Release|Any CPU = Release|Any CPU
	EndGlobalSection
	GlobalSection(ProjectConfigurationPlatforms) = postSolution
		{7FA6C9AB-D6AC-4C14-83F0-95EAD4AB457F}.Debug|Any CPU.ActiveCfg = Debug|Any CPU
		{7FA6C9AB-D6AC-4C14-83F0-95EAD4AB457F}.Debug|Any CPU.Build.0 = Debug|Any CPU
		{7FA6C9AB-D6AC-4C14-83F0-95EAD4AB457F}.Release|Any CPU.ActiveCfg = Release|Any CPU
		{7FA6C9AB-D6AC-4C14-83F0-95EAD4AB457F}.Release|Any CPU.Build.0 = Release|Any CPU
		{04052ABD-A069-43F1-9137-87471C898129}.Debug|Any CPU.ActiveCfg = Debug|Any CPU
		{04052ABD-A069-43F1-9137-87471C898129}.Debug|Any CPU.Build.0 = Debug|Any CPU
		{04052ABD-A069-43F1-9137-87471C898129}.Release|Any CPU.ActiveCfg = Release|Any CPU
		{04052ABD-A069-43F1-9137-87471C898129}.Release|Any CPU.Build.0 = Release|Any CPU
		{D3273BC7-9CB1-4BBF-AB6A-F6FF03AEB510}.Debug|Any CPU.ActiveCfg = Debug|Any CPU
		{D3273BC7-9CB1-4BBF-AB6A-F6FF03AEB510}.Debug|Any CPU.Build.0 = Debug|Any CPU
		{D3273BC7-9CB1-4BBF-AB6A-F6FF03AEB510}.Release|Any CPU.ActiveCfg = Release|Any CPU
		{D3273BC7-9CB1-4BBF-AB6A-F6FF03AEB510}.Release|Any CPU.Build.0 = Release|Any CPU
		{BCB096D9-6DE2-4BEF-BCEC-8EECA65A1FA2}.Debug|Any CPU.ActiveCfg = Debug|Any CPU
		{BCB096D9-6DE2-4BEF-BCEC-8EECA65A1FA2}.Debug|Any CPU.Build.0 = Debug|Any CPU
		{BCB096D9-6DE2-4BEF-BCEC-8EECA65A1FA2}.Release|Any CPU.ActiveCfg = Release|Any CPU
		{BCB096D9-6DE2-4BEF-BCEC-8EECA65A1FA2}.Release|Any CPU.Build.0 = Release|Any CPU
	EndGlobalSection
	GlobalSection(SolutionProperties) = preSolution
		HideSolutionNode = FALSE
	EndGlobalSection
	GlobalSection(NestedProjects) = preSolution
		{D3273BC7-9CB1-4BBF-AB6A-F6FF03AEB510} = {20133B1D-D5D8-4950-8B2F-618E481BFF34}
		{BCB096D9-6DE2-4BEF-BCEC-8EECA65A1FA2} = {20133B1D-D5D8-4950-8B2F-618E481BFF34}
	EndGlobalSection
	GlobalSection(ExtensibilityGlobals) = postSolution
		SolutionGuid = {07377E40-5EA3-4D1D-9E27-E8EEC6F5135D}
	EndGlobalSection
EndGlobal
